
Microsoft Visual Studio Solution File, Format Version 12.00
# Visual Studio Version 17
VisualStudioVersion = 17.6.33723.286
MinimumVisualStudioVersion = 10.0.40219.1
Project("{2150E333-8FDC-42A3-9474-1A3956D46DE8}") = "CSharp", "CSharp", "{55D66956-23F4-4C3E-A073-A93D6932CF0B}"
EndProject
Project("{2150E333-8FDC-42A3-9474-1A3956D46DE8}") = "Calculator", "Calculator", "{3130FF22-7792-46B3-8F77-99F7C4780CDC}"
EndProject
Project("{FAE04EC0-301F-11D3-BF4B-00C04F79EFBC}") = "Calculator", "CSharp\Calculator\Calculator.csproj", "{A27CBA1C-371A-4708-BB01-9848A8B50505}"
EndProject
Project("{2150E333-8FDC-42A3-9474-1A3956D46DE8}") = "Lab1", "Lab1", "{96F3F455-6ED1-467D-985A-1A4ED03A9672}"
EndProject
Project("{2150E333-8FDC-42A3-9474-1A3956D46DE8}") = "Lab1_1", "Lab1_1", "{49933903-A4CE-4F57-841B-A7D239D1E36E}"
EndProject
Project("{FAE04EC0-301F-11D3-BF4B-00C04F79EFBC}") = "Lab1_1", "CSharp\WinForm\Lab1\Lab1_1\Lab1_1.csproj", "{7F7263E5-3F2C-4191-91B0-9A7991AD5FCB}"
EndProject
Project("{2150E333-8FDC-42A3-9474-1A3956D46DE8}") = "Lab1_2", "Lab1_2", "{7BB0D503-AC1B-4B8A-AEE7-527F9123CCA0}"
EndProject
Project("{FAE04EC0-301F-11D3-BF4B-00C04F79EFBC}") = "Lab1_2", "CSharp\WinForm\Lab1\Lab1_2\Lab1_2.csproj", "{0BC9EE17-10A0-491E-8C2F-7FCADB506C21}"
EndProject
Project("{2150E333-8FDC-42A3-9474-1A3956D46DE8}") = "Lab1_3", "Lab1_3", "{1619C021-8B5D-458A-9006-11C71CA0665E}"
EndProject
Project("{FAE04EC0-301F-11D3-BF4B-00C04F79EFBC}") = "Lab1_3", "CSharp\WinForm\Lab1\Lab1_3\Lab1_3.csproj", "{D085DBA7-7C58-42A7-8962-E5CA6D426EB6}"
EndProject
Project("{2150E333-8FDC-42A3-9474-1A3956D46DE8}") = "Lab1_4", "Lab1_4", "{7F954D83-C41C-401D-AAF3-A528D99F0906}"
EndProject
Project("{FAE04EC0-301F-11D3-BF4B-00C04F79EFBC}") = "Lab1_4", "CSharp\WinForm\Lab1\Lab1_4\Lab1_4.csproj", "{41AB875C-E165-42B1-8F8B-D351D928E2EA}"
EndProject
Project("{2150E333-8FDC-42A3-9474-1A3956D46DE8}") = "Lab1_5a", "Lab1_5a", "{179AF80C-9E2E-4269-947A-6CEEFB96FF73}"
EndProject
Project("{FAE04EC0-301F-11D3-BF4B-00C04F79EFBC}") = "Lab1_5a", "CSharp\WinForm\Lab1\Lab1_5a\Lab1_5a.csproj", "{17E3408E-503E-4269-8064-3CEC16E1ACBC}"
EndProject
Project("{2150E333-8FDC-42A3-9474-1A3956D46DE8}") = "Lab1_5b", "Lab1_5b", "{D20812B9-DF6A-4B39-9B00-D61D59239D2A}"
EndProject
Project("{FAE04EC0-301F-11D3-BF4B-00C04F79EFBC}") = "Lab1_5b", "CSharp\WinForm\Lab1\Lab1_5b\Lab1_5b.csproj", "{F2C363F7-8EF4-4084-B326-947E70DAB49C}"
EndProject
Project("{2150E333-8FDC-42A3-9474-1A3956D46DE8}") = "Lab2", "Lab2", "{11F6F592-1979-4A63-8011-899CA265E06E}"
EndProject
Project("{2150E333-8FDC-42A3-9474-1A3956D46DE8}") = "Lab2_1", "Lab2_1", "{1B48F2C3-0669-415A-BD9C-446929282F48}"
EndProject
Project("{FAE04EC0-301F-11D3-BF4B-00C04F79EFBC}") = "Lab2_1", "CSharp\WinForm\Lab2\Lab2_1\Lab2_1.csproj", "{74103921-C065-4E79-B675-5C4A56AF81FB}"
EndProject
Project("{2150E333-8FDC-42A3-9474-1A3956D46DE8}") = "Lab2_2", "Lab2_2", "{E26430BB-1E08-4F0A-ABC5-F1C33F0B281A}"
EndProject
Project("{FAE04EC0-301F-11D3-BF4B-00C04F79EFBC}") = "Lab2_2", "CSharp\WinForm\Lab2\Lab2_2\Lab2_2.csproj", "{4CA6B163-564C-4170-9A4F-7EAF81C67CA1}"
EndProject
Project("{2150E333-8FDC-42A3-9474-1A3956D46DE8}") = "Lab2_3", "Lab2_3", "{212400D1-4F6E-4A88-A3EF-9B29A29686CB}"
EndProject
Project("{FAE04EC0-301F-11D3-BF4B-00C04F79EFBC}") = "Lab2_3", "CSharp\WinForm\Lab2\Lab2_3\Lab2_3.csproj", "{AEF7E0FF-D147-4D58-ADF5-E8ED6953D583}"
EndProject
Project("{2150E333-8FDC-42A3-9474-1A3956D46DE8}") = "Lab2_4", "Lab2_4", "{36CBF7A8-6D8B-46A3-B00C-3ED4956695E8}"
EndProject
Project("{FAE04EC0-301F-11D3-BF4B-00C04F79EFBC}") = "Lab2_4", "CSharp\WinForm\Lab2\Lab2_4\Lab2_4.csproj", "{C69286AA-34FB-42F1-A90B-3BCF1DEF7885}"
EndProject
Project("{2150E333-8FDC-42A3-9474-1A3956D46DE8}") = "Lab2_5", "Lab2_5", "{3D6212A2-3E6C-4395-B1C1-5470722B5240}"
EndProject
Project("{FAE04EC0-301F-11D3-BF4B-00C04F79EFBC}") = "Lab2_5", "CSharp\WinForm\Lab2\Lab2_5\Lab2_5.csproj", "{69241D53-2839-4B46-A5A1-338E3E718BD3}"
EndProject
Project("{2150E333-8FDC-42A3-9474-1A3956D46DE8}") = "Lab2_6", "Lab2_6", "{4570EDE9-39EF-4607-8E35-CDBF2217640E}"
EndProject
Project("{FAE04EC0-301F-11D3-BF4B-00C04F79EFBC}") = "Lab2_6", "CSharp\WinForm\Lab2\Lab2_6\Lab2_6.csproj", "{A97CB7B5-4257-4CC5-81DB-106D220B369A}"
EndProject
Project("{2150E333-8FDC-42A3-9474-1A3956D46DE8}") = "Lab2_7", "Lab2_7", "{832D578B-B9FB-4F00-AA42-C2A299ED01BA}"
EndProject
Project("{FAE04EC0-301F-11D3-BF4B-00C04F79EFBC}") = "Lab2_7", "CSharp\WinForm\Lab2\Lab2_7\Lab2_7.csproj", "{E672C53A-C825-499B-8906-5F6F930D15BA}"
EndProject
Project("{2150E333-8FDC-42A3-9474-1A3956D46DE8}") = "Lab2_8", "Lab2_8", "{A42302D4-9F09-414F-9839-DC29D437A29E}"
EndProject
Project("{FAE04EC0-301F-11D3-BF4B-00C04F79EFBC}") = "Lab2_8", "CSharp\WinForm\Lab2\Lab2_8\Lab2_8.csproj", "{7ABB2677-F6F8-43E3-9712-CD8E8E3662A5}"
EndProject
Project("{2150E333-8FDC-42A3-9474-1A3956D46DE8}") = "Lab2_9", "Lab2_9", "{51766E9C-F13D-42DC-A7FA-B116DA5232C3}"
EndProject
Project("{FAE04EC0-301F-11D3-BF4B-00C04F79EFBC}") = "Lab2_9", "CSharp\WinForm\Lab2\Lab2_9\Lab2_9.csproj", "{F915E877-8CF3-4F96-953B-1FADCCBDE218}"
EndProject
Project("{2150E333-8FDC-42A3-9474-1A3956D46DE8}") = "Lab3", "Lab3", "{E18E2781-5EFE-4146-BAAA-16DAFA3F4684}"
EndProject
Project("{2150E333-8FDC-42A3-9474-1A3956D46DE8}") = "Lab3_1", "Lab3_1", "{E5DEA88E-4767-4E65-877F-47D736D70E23}"
EndProject
Project("{FAE04EC0-301F-11D3-BF4B-00C04F79EFBC}") = "Lab3_1", "CSharp\WinForm\Lab3\Lab3_1\Lab3_1.csproj", "{378F8250-F2D1-43D1-ACD8-8D565F6B266E}"
EndProject
Project("{2150E333-8FDC-42A3-9474-1A3956D46DE8}") = "Lab3_2", "Lab3_2", "{2562B936-88AA-44A0-8AE1-079D7BA4B74F}"
EndProject
Project("{FAE04EC0-301F-11D3-BF4B-00C04F79EFBC}") = "Lab3_2", "CSharp\WinForm\Lab3\Lab3_2\Lab3_2.csproj", "{98D626E7-C5DB-4717-9559-02C2119CB1CD}"
EndProject
Project("{2150E333-8FDC-42A3-9474-1A3956D46DE8}") = "WPF", "WPF", "{1C68D1E6-0FE9-4041-AAB7-2C6C44966897}"
EndProject
Project("{2150E333-8FDC-42A3-9474-1A3956D46DE8}") = "WpfLab1", "WpfLab1", "{22CDD5E6-CB9C-4A7C-B393-A4CA2A32D607}"
EndProject
Project("{2150E333-8FDC-42A3-9474-1A3956D46DE8}") = "WpfLab1_1", "WpfLab1_1", "{8CD65FDB-D53C-4BB9-B51F-05AC5C31511A}"
EndProject
Project("{FAE04EC0-301F-11D3-BF4B-00C04F79EFBC}") = "WpfLab1_1", "CSharp\WPF\WpfLab1\WpfLab1_1\WpfLab1_1.csproj", "{39B992BD-CFBB-4254-9D63-592741E0FF13}"
EndProject
Project("{2150E333-8FDC-42A3-9474-1A3956D46DE8}") = "WpfLab1_2", "WpfLab1_2", "{DF41BFF7-C4A5-4A1D-99CE-FECE3AB5F4DE}"
EndProject
Project("{FAE04EC0-301F-11D3-BF4B-00C04F79EFBC}") = "WpfLab1_2", "CSharp\WPF\WpfLab1\WpfLab1_2\WpfLab1_2.csproj", "{BCD20B42-6468-4B7E-AF7E-291912A61D66}"
EndProject
Global
	GlobalSection(SolutionConfigurationPlatforms) = preSolution
		Debug|Any CPU = Debug|Any CPU
		Release|Any CPU = Release|Any CPU
	EndGlobalSection
	GlobalSection(ProjectConfigurationPlatforms) = postSolution
		{A27CBA1C-371A-4708-BB01-9848A8B50505}.Debug|Any CPU.ActiveCfg = Debug|Any CPU
		{A27CBA1C-371A-4708-BB01-9848A8B50505}.Debug|Any CPU.Build.0 = Debug|Any CPU
		{A27CBA1C-371A-4708-BB01-9848A8B50505}.Release|Any CPU.ActiveCfg = Release|Any CPU
		{A27CBA1C-371A-4708-BB01-9848A8B50505}.Release|Any CPU.Build.0 = Release|Any CPU
		{7F7263E5-3F2C-4191-91B0-9A7991AD5FCB}.Debug|Any CPU.ActiveCfg = Debug|Any CPU
		{7F7263E5-3F2C-4191-91B0-9A7991AD5FCB}.Debug|Any CPU.Build.0 = Debug|Any CPU
		{7F7263E5-3F2C-4191-91B0-9A7991AD5FCB}.Release|Any CPU.ActiveCfg = Release|Any CPU
		{7F7263E5-3F2C-4191-91B0-9A7991AD5FCB}.Release|Any CPU.Build.0 = Release|Any CPU
		{0BC9EE17-10A0-491E-8C2F-7FCADB506C21}.Debug|Any CPU.ActiveCfg = Debug|Any CPU
		{0BC9EE17-10A0-491E-8C2F-7FCADB506C21}.Debug|Any CPU.Build.0 = Debug|Any CPU
		{0BC9EE17-10A0-491E-8C2F-7FCADB506C21}.Release|Any CPU.ActiveCfg = Release|Any CPU
		{0BC9EE17-10A0-491E-8C2F-7FCADB506C21}.Release|Any CPU.Build.0 = Release|Any CPU
		{D085DBA7-7C58-42A7-8962-E5CA6D426EB6}.Debug|Any CPU.ActiveCfg = Debug|Any CPU
		{D085DBA7-7C58-42A7-8962-E5CA6D426EB6}.Debug|Any CPU.Build.0 = Debug|Any CPU
		{D085DBA7-7C58-42A7-8962-E5CA6D426EB6}.Release|Any CPU.ActiveCfg = Release|Any CPU
		{D085DBA7-7C58-42A7-8962-E5CA6D426EB6}.Release|Any CPU.Build.0 = Release|Any CPU
		{41AB875C-E165-42B1-8F8B-D351D928E2EA}.Debug|Any CPU.ActiveCfg = Debug|Any CPU
		{41AB875C-E165-42B1-8F8B-D351D928E2EA}.Debug|Any CPU.Build.0 = Debug|Any CPU
		{41AB875C-E165-42B1-8F8B-D351D928E2EA}.Release|Any CPU.ActiveCfg = Release|Any CPU
		{41AB875C-E165-42B1-8F8B-D351D928E2EA}.Release|Any CPU.Build.0 = Release|Any CPU
		{17E3408E-503E-4269-8064-3CEC16E1ACBC}.Debug|Any CPU.ActiveCfg = Debug|Any CPU
		{17E3408E-503E-4269-8064-3CEC16E1ACBC}.Debug|Any CPU.Build.0 = Debug|Any CPU
		{17E3408E-503E-4269-8064-3CEC16E1ACBC}.Release|Any CPU.ActiveCfg = Release|Any CPU
		{17E3408E-503E-4269-8064-3CEC16E1ACBC}.Release|Any CPU.Build.0 = Release|Any CPU
		{F2C363F7-8EF4-4084-B326-947E70DAB49C}.Debug|Any CPU.ActiveCfg = Debug|Any CPU
		{F2C363F7-8EF4-4084-B326-947E70DAB49C}.Debug|Any CPU.Build.0 = Debug|Any CPU
		{F2C363F7-8EF4-4084-B326-947E70DAB49C}.Release|Any CPU.ActiveCfg = Release|Any CPU
		{F2C363F7-8EF4-4084-B326-947E70DAB49C}.Release|Any CPU.Build.0 = Release|Any CPU
		{74103921-C065-4E79-B675-5C4A56AF81FB}.Debug|Any CPU.ActiveCfg = Debug|Any CPU
		{74103921-C065-4E79-B675-5C4A56AF81FB}.Debug|Any CPU.Build.0 = Debug|Any CPU
		{74103921-C065-4E79-B675-5C4A56AF81FB}.Release|Any CPU.ActiveCfg = Release|Any CPU
		{74103921-C065-4E79-B675-5C4A56AF81FB}.Release|Any CPU.Build.0 = Release|Any CPU
		{4CA6B163-564C-4170-9A4F-7EAF81C67CA1}.Debug|Any CPU.ActiveCfg = Debug|Any CPU
		{4CA6B163-564C-4170-9A4F-7EAF81C67CA1}.Debug|Any CPU.Build.0 = Debug|Any CPU
		{4CA6B163-564C-4170-9A4F-7EAF81C67CA1}.Release|Any CPU.ActiveCfg = Release|Any CPU
		{4CA6B163-564C-4170-9A4F-7EAF81C67CA1}.Release|Any CPU.Build.0 = Release|Any CPU
		{AEF7E0FF-D147-4D58-ADF5-E8ED6953D583}.Debug|Any CPU.ActiveCfg = Debug|Any CPU
		{AEF7E0FF-D147-4D58-ADF5-E8ED6953D583}.Debug|Any CPU.Build.0 = Debug|Any CPU
		{AEF7E0FF-D147-4D58-ADF5-E8ED6953D583}.Release|Any CPU.ActiveCfg = Release|Any CPU
		{AEF7E0FF-D147-4D58-ADF5-E8ED6953D583}.Release|Any CPU.Build.0 = Release|Any CPU
		{C69286AA-34FB-42F1-A90B-3BCF1DEF7885}.Debug|Any CPU.ActiveCfg = Debug|Any CPU
		{C69286AA-34FB-42F1-A90B-3BCF1DEF7885}.Debug|Any CPU.Build.0 = Debug|Any CPU
		{C69286AA-34FB-42F1-A90B-3BCF1DEF7885}.Release|Any CPU.ActiveCfg = Release|Any CPU
		{C69286AA-34FB-42F1-A90B-3BCF1DEF7885}.Release|Any CPU.Build.0 = Release|Any CPU
		{69241D53-2839-4B46-A5A1-338E3E718BD3}.Debug|Any CPU.ActiveCfg = Debug|Any CPU
		{69241D53-2839-4B46-A5A1-338E3E718BD3}.Debug|Any CPU.Build.0 = Debug|Any CPU
		{69241D53-2839-4B46-A5A1-338E3E718BD3}.Release|Any CPU.ActiveCfg = Release|Any CPU
		{69241D53-2839-4B46-A5A1-338E3E718BD3}.Release|Any CPU.Build.0 = Release|Any CPU
		{A97CB7B5-4257-4CC5-81DB-106D220B369A}.Debug|Any CPU.ActiveCfg = Debug|Any CPU
		{A97CB7B5-4257-4CC5-81DB-106D220B369A}.Debug|Any CPU.Build.0 = Debug|Any CPU
		{A97CB7B5-4257-4CC5-81DB-106D220B369A}.Release|Any CPU.ActiveCfg = Release|Any CPU
		{A97CB7B5-4257-4CC5-81DB-106D220B369A}.Release|Any CPU.Build.0 = Release|Any CPU
		{E672C53A-C825-499B-8906-5F6F930D15BA}.Debug|Any CPU.ActiveCfg = Debug|Any CPU
		{E672C53A-C825-499B-8906-5F6F930D15BA}.Debug|Any CPU.Build.0 = Debug|Any CPU
		{E672C53A-C825-499B-8906-5F6F930D15BA}.Release|Any CPU.ActiveCfg = Release|Any CPU
		{E672C53A-C825-499B-8906-5F6F930D15BA}.Release|Any CPU.Build.0 = Release|Any CPU
		{7ABB2677-F6F8-43E3-9712-CD8E8E3662A5}.Debug|Any CPU.ActiveCfg = Debug|Any CPU
		{7ABB2677-F6F8-43E3-9712-CD8E8E3662A5}.Debug|Any CPU.Build.0 = Debug|Any CPU
		{7ABB2677-F6F8-43E3-9712-CD8E8E3662A5}.Release|Any CPU.ActiveCfg = Release|Any CPU
		{7ABB2677-F6F8-43E3-9712-CD8E8E3662A5}.Release|Any CPU.Build.0 = Release|Any CPU
		{F915E877-8CF3-4F96-953B-1FADCCBDE218}.Debug|Any CPU.ActiveCfg = Debug|Any CPU
		{F915E877-8CF3-4F96-953B-1FADCCBDE218}.Debug|Any CPU.Build.0 = Debug|Any CPU
		{F915E877-8CF3-4F96-953B-1FADCCBDE218}.Release|Any CPU.ActiveCfg = Release|Any CPU
		{F915E877-8CF3-4F96-953B-1FADCCBDE218}.Release|Any CPU.Build.0 = Release|Any CPU
		{378F8250-F2D1-43D1-ACD8-8D565F6B266E}.Debug|Any CPU.ActiveCfg = Debug|Any CPU
		{378F8250-F2D1-43D1-ACD8-8D565F6B266E}.Debug|Any CPU.Build.0 = Debug|Any CPU
		{378F8250-F2D1-43D1-ACD8-8D565F6B266E}.Release|Any CPU.ActiveCfg = Release|Any CPU
		{378F8250-F2D1-43D1-ACD8-8D565F6B266E}.Release|Any CPU.Build.0 = Release|Any CPU
		{98D626E7-C5DB-4717-9559-02C2119CB1CD}.Debug|Any CPU.ActiveCfg = Debug|Any CPU
		{98D626E7-C5DB-4717-9559-02C2119CB1CD}.Debug|Any CPU.Build.0 = Debug|Any CPU
		{98D626E7-C5DB-4717-9559-02C2119CB1CD}.Release|Any CPU.ActiveCfg = Release|Any CPU
		{98D626E7-C5DB-4717-9559-02C2119CB1CD}.Release|Any CPU.Build.0 = Release|Any CPU
		{39B992BD-CFBB-4254-9D63-592741E0FF13}.Debug|Any CPU.ActiveCfg = Debug|Any CPU
		{39B992BD-CFBB-4254-9D63-592741E0FF13}.Debug|Any CPU.Build.0 = Debug|Any CPU
		{39B992BD-CFBB-4254-9D63-592741E0FF13}.Release|Any CPU.ActiveCfg = Release|Any CPU
		{39B992BD-CFBB-4254-9D63-592741E0FF13}.Release|Any CPU.Build.0 = Release|Any CPU
		{BCD20B42-6468-4B7E-AF7E-291912A61D66}.Debug|Any CPU.ActiveCfg = Debug|Any CPU
		{BCD20B42-6468-4B7E-AF7E-291912A61D66}.Debug|Any CPU.Build.0 = Debug|Any CPU
		{BCD20B42-6468-4B7E-AF7E-291912A61D66}.Release|Any CPU.ActiveCfg = Release|Any CPU
		{BCD20B42-6468-4B7E-AF7E-291912A61D66}.Release|Any CPU.Build.0 = Release|Any CPU
	EndGlobalSection
	GlobalSection(SolutionProperties) = preSolution
		HideSolutionNode = FALSE
	EndGlobalSection
	GlobalSection(NestedProjects) = preSolution
		{3130FF22-7792-46B3-8F77-99F7C4780CDC} = {55D66956-23F4-4C3E-A073-A93D6932CF0B}
		{A27CBA1C-371A-4708-BB01-9848A8B50505} = {3130FF22-7792-46B3-8F77-99F7C4780CDC}
		{96F3F455-6ED1-467D-985A-1A4ED03A9672} = {55D66956-23F4-4C3E-A073-A93D6932CF0B}
		{49933903-A4CE-4F57-841B-A7D239D1E36E} = {96F3F455-6ED1-467D-985A-1A4ED03A9672}
		{7F7263E5-3F2C-4191-91B0-9A7991AD5FCB} = {49933903-A4CE-4F57-841B-A7D239D1E36E}
		{7BB0D503-AC1B-4B8A-AEE7-527F9123CCA0} = {96F3F455-6ED1-467D-985A-1A4ED03A9672}
		{0BC9EE17-10A0-491E-8C2F-7FCADB506C21} = {7BB0D503-AC1B-4B8A-AEE7-527F9123CCA0}
		{1619C021-8B5D-458A-9006-11C71CA0665E} = {96F3F455-6ED1-467D-985A-1A4ED03A9672}
		{D085DBA7-7C58-42A7-8962-E5CA6D426EB6} = {1619C021-8B5D-458A-9006-11C71CA0665E}
		{7F954D83-C41C-401D-AAF3-A528D99F0906} = {96F3F455-6ED1-467D-985A-1A4ED03A9672}
		{41AB875C-E165-42B1-8F8B-D351D928E2EA} = {7F954D83-C41C-401D-AAF3-A528D99F0906}
		{179AF80C-9E2E-4269-947A-6CEEFB96FF73} = {96F3F455-6ED1-467D-985A-1A4ED03A9672}
		{17E3408E-503E-4269-8064-3CEC16E1ACBC} = {179AF80C-9E2E-4269-947A-6CEEFB96FF73}
		{D20812B9-DF6A-4B39-9B00-D61D59239D2A} = {96F3F455-6ED1-467D-985A-1A4ED03A9672}
		{F2C363F7-8EF4-4084-B326-947E70DAB49C} = {D20812B9-DF6A-4B39-9B00-D61D59239D2A}
		{11F6F592-1979-4A63-8011-899CA265E06E} = {55D66956-23F4-4C3E-A073-A93D6932CF0B}
		{1B48F2C3-0669-415A-BD9C-446929282F48} = {11F6F592-1979-4A63-8011-899CA265E06E}
		{74103921-C065-4E79-B675-5C4A56AF81FB} = {1B48F2C3-0669-415A-BD9C-446929282F48}
		{E26430BB-1E08-4F0A-ABC5-F1C33F0B281A} = {11F6F592-1979-4A63-8011-899CA265E06E}
		{4CA6B163-564C-4170-9A4F-7EAF81C67CA1} = {E26430BB-1E08-4F0A-ABC5-F1C33F0B281A}
		{212400D1-4F6E-4A88-A3EF-9B29A29686CB} = {11F6F592-1979-4A63-8011-899CA265E06E}
		{AEF7E0FF-D147-4D58-ADF5-E8ED6953D583} = {212400D1-4F6E-4A88-A3EF-9B29A29686CB}
		{36CBF7A8-6D8B-46A3-B00C-3ED4956695E8} = {11F6F592-1979-4A63-8011-899CA265E06E}
		{C69286AA-34FB-42F1-A90B-3BCF1DEF7885} = {36CBF7A8-6D8B-46A3-B00C-3ED4956695E8}
		{3D6212A2-3E6C-4395-B1C1-5470722B5240} = {11F6F592-1979-4A63-8011-899CA265E06E}
		{69241D53-2839-4B46-A5A1-338E3E718BD3} = {3D6212A2-3E6C-4395-B1C1-5470722B5240}
		{4570EDE9-39EF-4607-8E35-CDBF2217640E} = {11F6F592-1979-4A63-8011-899CA265E06E}
		{A97CB7B5-4257-4CC5-81DB-106D220B369A} = {4570EDE9-39EF-4607-8E35-CDBF2217640E}
		{832D578B-B9FB-4F00-AA42-C2A299ED01BA} = {11F6F592-1979-4A63-8011-899CA265E06E}
		{E672C53A-C825-499B-8906-5F6F930D15BA} = {832D578B-B9FB-4F00-AA42-C2A299ED01BA}
		{A42302D4-9F09-414F-9839-DC29D437A29E} = {11F6F592-1979-4A63-8011-899CA265E06E}
		{7ABB2677-F6F8-43E3-9712-CD8E8E3662A5} = {A42302D4-9F09-414F-9839-DC29D437A29E}
		{51766E9C-F13D-42DC-A7FA-B116DA5232C3} = {11F6F592-1979-4A63-8011-899CA265E06E}
		{F915E877-8CF3-4F96-953B-1FADCCBDE218} = {51766E9C-F13D-42DC-A7FA-B116DA5232C3}
		{E18E2781-5EFE-4146-BAAA-16DAFA3F4684} = {55D66956-23F4-4C3E-A073-A93D6932CF0B}
		{E5DEA88E-4767-4E65-877F-47D736D70E23} = {E18E2781-5EFE-4146-BAAA-16DAFA3F4684}
		{378F8250-F2D1-43D1-ACD8-8D565F6B266E} = {E5DEA88E-4767-4E65-877F-47D736D70E23}
		{2562B936-88AA-44A0-8AE1-079D7BA4B74F} = {E18E2781-5EFE-4146-BAAA-16DAFA3F4684}
		{98D626E7-C5DB-4717-9559-02C2119CB1CD} = {2562B936-88AA-44A0-8AE1-079D7BA4B74F}
		{1C68D1E6-0FE9-4041-AAB7-2C6C44966897} = {55D66956-23F4-4C3E-A073-A93D6932CF0B}
		{22CDD5E6-CB9C-4A7C-B393-A4CA2A32D607} = {1C68D1E6-0FE9-4041-AAB7-2C6C44966897}
		{8CD65FDB-D53C-4BB9-B51F-05AC5C31511A} = {22CDD5E6-CB9C-4A7C-B393-A4CA2A32D607}
		{39B992BD-CFBB-4254-9D63-592741E0FF13} = {8CD65FDB-D53C-4BB9-B51F-05AC5C31511A}
		{DF41BFF7-C4A5-4A1D-99CE-FECE3AB5F4DE} = {22CDD5E6-CB9C-4A7C-B393-A4CA2A32D607}
		{BCD20B42-6468-4B7E-AF7E-291912A61D66} = {DF41BFF7-C4A5-4A1D-99CE-FECE3AB5F4DE}
	EndGlobalSection
	GlobalSection(ExtensibilityGlobals) = postSolution
		SolutionGuid = {2C7695D3-B4D3-4363-9BCC-36E7E6F7C24F}
	EndGlobalSection
EndGlobal
